// !$*UTF8*$!
{
	archiveVersion = 1;
	classes = {
	};
	objectVersion = 46;
	objects = {

/* Begin PBXBuildFile section */
		7386C2B41D0FF24D00804ADF /* main.m in Sources */ = {isa = PBXBuildFile; fileRef = 7386C2B31D0FF24D00804ADF /* main.m */; };
		7386C2B71D0FF24D00804ADF /* AppDelegate.m in Sources */ = {isa = PBXBuildFile; fileRef = 7386C2B61D0FF24D00804ADF /* AppDelegate.m */; };
		7386C2BA1D0FF24D00804ADF /* ViewController.m in Sources */ = {isa = PBXBuildFile; fileRef = 7386C2B91D0FF24D00804ADF /* ViewController.m */; };
		7386C2BD1D0FF24D00804ADF /* Main.storyboard in Resources */ = {isa = PBXBuildFile; fileRef = 7386C2BB1D0FF24D00804ADF /* Main.storyboard */; };
		7386C2BF1D0FF24D00804ADF /* Assets.xcassets in Resources */ = {isa = PBXBuildFile; fileRef = 7386C2BE1D0FF24D00804ADF /* Assets.xcassets */; };
		7386C2C21D0FF24D00804ADF /* LaunchScreen.storyboard in Resources */ = {isa = PBXBuildFile; fileRef = 7386C2C01D0FF24D00804ADF /* LaunchScreen.storyboard */; };
		7386C2CD1D0FF24E00804ADF /* MyCollectionsAppTests.m in Sources */ = {isa = PBXBuildFile; fileRef = 7386C2CC1D0FF24E00804ADF /* MyCollectionsAppTests.m */; };
		7386C2D81D0FF24E00804ADF /* MyCollectionsAppUITests.m in Sources */ = {isa = PBXBuildFile; fileRef = 7386C2D71D0FF24E00804ADF /* MyCollectionsAppUITests.m */; };
/* End PBXBuildFile section */

/* Begin PBXContainerItemProxy section */
		7386C2C91D0FF24E00804ADF /* PBXContainerItemProxy */ = {
			isa = PBXContainerItemProxy;
			containerPortal = 7386C2A71D0FF24D00804ADF /* Project object */;
			proxyType = 1;
			remoteGlobalIDString = 7386C2AE1D0FF24D00804ADF;
			remoteInfo = MyCollectionsApp;
		};
		7386C2D41D0FF24E00804ADF /* PBXContainerItemProxy */ = {
			isa = PBXContainerItemProxy;
			containerPortal = 7386C2A71D0FF24D00804ADF /* Project object */;
			proxyType = 1;
			remoteGlobalIDString = 7386C2AE1D0FF24D00804ADF;
			remoteInfo = MyCollectionsApp;
		};
/* End PBXContainerItemProxy section */

/* Begin PBXFileReference section */
		7386C2AF1D0FF24D00804ADF /* MyCollectionsApp.app */ = {isa = PBXFileReference; explicitFileType = wrapper.application; includeInIndex = 0; path = MyCollectionsApp.app; sourceTree = BUILT_PRODUCTS_DIR; };
		7386C2B31D0FF24D00804ADF /* main.m */ = {isa = PBXFileReference; lastKnownFileType = sourcecode.c.objc; path = main.m; sourceTree = "<group>"; };
		7386C2B51D0FF24D00804ADF /* AppDelegate.h */ = {isa = PBXFileReference; lastKnownFileType = sourcecode.c.h; path = AppDelegate.h; sourceTree = "<group>"; };
		7386C2B61D0FF24D00804ADF /* AppDelegate.m */ = {isa = PBXFileReference; lastKnownFileType = sourcecode.c.objc; path = AppDelegate.m; sourceTree = "<group>"; };
		7386C2B81D0FF24D00804ADF /* ViewController.h */ = {isa = PBXFileReference; lastKnownFileType = sourcecode.c.h; path = ViewController.h; sourceTree = "<group>"; };
		7386C2B91D0FF24D00804ADF /* ViewController.m */ = {isa = PBXFileReference; lastKnownFileType = sourcecode.c.objc; path = ViewController.m; sourceTree = "<group>"; };
		7386C2BC1D0FF24D00804ADF /* Base */ = {isa = PBXFileReference; lastKnownFileType = file.storyboard; name = Base; path = Base.lproj/Main.storyboard; sourceTree = "<group>"; };
		7386C2BE1D0FF24D00804ADF /* Assets.xcassets */ = {isa = PBXFileReference; lastKnownFileType = folder.assetcatalog; path = Assets.xcassets; sourceTree = "<group>"; };
		7386C2C11D0FF24D00804ADF /* Base */ = {isa = PBXFileReference; lastKnownFileType = file.storyboard; name = Base; path = Base.lproj/LaunchScreen.storyboard; sourceTree = "<group>"; };
		7386C2C31D0FF24D00804ADF /* Info.plist */ = {isa = PBXFileReference; lastKnownFileType = text.plist.xml; path = Info.plist; sourceTree = "<group>"; };
		7386C2C81D0FF24E00804ADF /* MyCollectionsAppTests.xctest */ = {isa = PBXFileReference; explicitFileType = wrapper.cfbundle; includeInIndex = 0; path = MyCollectionsAppTests.xctest; sourceTree = BUILT_PRODUCTS_DIR; };
		7386C2CC1D0FF24E00804ADF /* MyCollectionsAppTests.m */ = {isa = PBXFileReference; lastKnownFileType = sourcecode.c.objc; path = MyCollectionsAppTests.m; sourceTree = "<group>"; };
		7386C2CE1D0FF24E00804ADF /* Info.plist */ = {isa = PBXFileReference; lastKnownFileType = text.plist.xml; path = Info.plist; sourceTree = "<group>"; };
		7386C2D31D0FF24E00804ADF /* MyCollectionsAppUITests.xctest */ = {isa = PBXFileReference; explicitFileType = wrapper.cfbundle; includeInIndex = 0; path = MyCollectionsAppUITests.xctest; sourceTree = BUILT_PRODUCTS_DIR; };
		7386C2D71D0FF24E00804ADF /* MyCollectionsAppUITests.m */ = {isa = PBXFileReference; lastKnownFileType = sourcecode.c.objc; path = MyCollectionsAppUITests.m; sourceTree = "<group>"; };
		7386C2D91D0FF24E00804ADF /* Info.plist */ = {isa = PBXFileReference; lastKnownFileType = text.plist.xml; path = Info.plist; sourceTree = "<group>"; };
/* End PBXFileReference section */

/* Begin PBXFrameworksBuildPhase section */
		7386C2AC1D0FF24D00804ADF /* Frameworks */ = {
			isa = PBXFrameworksBuildPhase;
			buildActionMask = 2147483647;
			files = (
			);
			runOnlyForDeploymentPostprocessing = 0;
		};
		7386C2C51D0FF24E00804ADF /* Frameworks */ = {
			isa = PBXFrameworksBuildPhase;
			buildActionMask = 2147483647;
			files = (
			);
			runOnlyForDeploymentPostprocessing = 0;
		};
		7386C2D01D0FF24E00804ADF /* Frameworks */ = {
			isa = PBXFrameworksBuildPhase;
			buildActionMask = 2147483647;
			files = (
			);
			runOnlyForDeploymentPostprocessing = 0;
		};
/* End PBXFrameworksBuildPhase section */

/* Begin PBXGroup section */
		7386C2A61D0FF24D00804ADF = {
			isa = PBXGroup;
			children = (
				7386C2B11D0FF24D00804ADF /* MyCollectionsApp */,
				7386C2CB1D0FF24E00804ADF /* MyCollectionsAppTests */,
				7386C2D61D0FF24E00804ADF /* MyCollectionsAppUITests */,
				7386C2B01D0FF24D00804ADF /* Products */,
			);
			sourceTree = "<group>";
		};
		7386C2B01D0FF24D00804ADF /* Products */ = {
			isa = PBXGroup;
			children = (
				7386C2AF1D0FF24D00804ADF /* MyCollectionsApp.app */,
				7386C2C81D0FF24E00804ADF /* MyCollectionsAppTests.xctest */,
				7386C2D31D0FF24E00804ADF /* MyCollectionsAppUITests.xctest */,
			);
			name = Products;
			sourceTree = "<group>";
		};
		7386C2B11D0FF24D00804ADF /* MyCollectionsApp */ = {
			isa = PBXGroup;
			children = (
				7386C2B51D0FF24D00804ADF /* AppDelegate.h */,
				7386C2B61D0FF24D00804ADF /* AppDelegate.m */,
				7386C2B81D0FF24D00804ADF /* ViewController.h */,
				7386C2B91D0FF24D00804ADF /* ViewController.m */,
				7386C2BB1D0FF24D00804ADF /* Main.storyboard */,
				7386C2BE1D0FF24D00804ADF /* Assets.xcassets */,
				7386C2C01D0FF24D00804ADF /* LaunchScreen.storyboard */,
				7386C2C31D0FF24D00804ADF /* Info.plist */,
				7386C2B21D0FF24D00804ADF /* Supporting Files */,
			);
			path = MyCollectionsApp;
			sourceTree = "<group>";
		};
		7386C2B21D0FF24D00804ADF /* Supporting Files */ = {
			isa = PBXGroup;
			children = (
				7386C2B31D0FF24D00804ADF /* main.m */,
			);
			name = "Supporting Files";
			sourceTree = "<group>";
		};
		7386C2CB1D0FF24E00804ADF /* MyCollectionsAppTests */ = {
			isa = PBXGroup;
			children = (
				7386C2CC1D0FF24E00804ADF /* MyCollectionsAppTests.m */,
				7386C2CE1D0FF24E00804ADF /* Info.plist */,
			);
			path = MyCollectionsAppTests;
			sourceTree = "<group>";
		};
		7386C2D61D0FF24E00804ADF /* MyCollectionsAppUITests */ = {
			isa = PBXGroup;
			children = (
				7386C2D71D0FF24E00804ADF /* MyCollectionsAppUITests.m */,
				7386C2D91D0FF24E00804ADF /* Info.plist */,
			);
			path = MyCollectionsAppUITests;
			sourceTree = "<group>";
		};
/* End PBXGroup section */

/* Begin PBXNativeTarget section */
		7386C2AE1D0FF24D00804ADF /* MyCollectionsApp */ = {
			isa = PBXNativeTarget;
			buildConfigurationList = 7386C2DC1D0FF24E00804ADF /* Build configuration list for PBXNativeTarget "MyCollectionsApp" */;
			buildPhases = (
				7386C2AB1D0FF24D00804ADF /* Sources */,
				7386C2AC1D0FF24D00804ADF /* Frameworks */,
				7386C2AD1D0FF24D00804ADF /* Resources */,
			);
			buildRules = (
			);
			dependencies = (
			);
			name = MyCollectionsApp;
			productName = MyCollectionsApp;
			productReference = 7386C2AF1D0FF24D00804ADF /* MyCollectionsApp.app */;
			productType = "com.apple.product-type.application";
		};
		7386C2C71D0FF24E00804ADF /* MyCollectionsAppTests */ = {
			isa = PBXNativeTarget;
			buildConfigurationList = 7386C2DF1D0FF24E00804ADF /* Build configuration list for PBXNativeTarget "MyCollectionsAppTests" */;
			buildPhases = (
				7386C2C41D0FF24E00804ADF /* Sources */,
				7386C2C51D0FF24E00804ADF /* Frameworks */,
				7386C2C61D0FF24E00804ADF /* Resources */,
			);
			buildRules = (
			);
			dependencies = (
				7386C2CA1D0FF24E00804ADF /* PBXTargetDependency */,
			);
			name = MyCollectionsAppTests;
			productName = MyCollectionsAppTests;
			productReference = 7386C2C81D0FF24E00804ADF /* MyCollectionsAppTests.xctest */;
			productType = "com.apple.product-type.bundle.unit-test";
		};
		7386C2D21D0FF24E00804ADF /* MyCollectionsAppUITests */ = {
			isa = PBXNativeTarget;
			buildConfigurationList = 7386C2E21D0FF24E00804ADF /* Build configuration list for PBXNativeTarget "MyCollectionsAppUITests" */;
			buildPhases = (
				7386C2CF1D0FF24E00804ADF /* Sources */,
				7386C2D01D0FF24E00804ADF /* Frameworks */,
				7386C2D11D0FF24E00804ADF /* Resources */,
			);
			buildRules = (
			);
			dependencies = (
				7386C2D51D0FF24E00804ADF /* PBXTargetDependency */,
			);
			name = MyCollectionsAppUITests;
			productName = MyCollectionsAppUITests;
			productReference = 7386C2D31D0FF24E00804ADF /* MyCollectionsAppUITests.xctest */;
			productType = "com.apple.product-type.bundle.ui-testing";
		};
/* End PBXNativeTarget section */

/* Begin PBXProject section */
		7386C2A71D0FF24D00804ADF /* Project object */ = {
			isa = PBXProject;
			attributes = {
				LastUpgradeCheck = 0730;
				ORGANIZATIONNAME = zhiupping8;
				TargetAttributes = {
					7386C2AE1D0FF24D00804ADF = {
						CreatedOnToolsVersion = 7.3.1;
					};
					7386C2C71D0FF24E00804ADF = {
						CreatedOnToolsVersion = 7.3.1;
						TestTargetID = 7386C2AE1D0FF24D00804ADF;
					};
					7386C2D21D0FF24E00804ADF = {
						CreatedOnToolsVersion = 7.3.1;
						TestTargetID = 7386C2AE1D0FF24D00804ADF;
					};
				};
			};
			buildConfigurationList = 7386C2AA1D0FF24D00804ADF /* Build configuration list for PBXProject "MyCollectionsApp" */;
			compatibilityVersion = "Xcode 3.2";
			developmentRegion = English;
			hasScannedForEncodings = 0;
			knownRegions = (
				en,
				Base,
			);
			mainGroup = 7386C2A61D0FF24D00804ADF;
			productRefGroup = 7386C2B01D0FF24D00804ADF /* Products */;
			projectDirPath = "";
			projectRoot = "";
			targets = (
				7386C2AE1D0FF24D00804ADF /* MyCollectionsApp */,
				7386C2C71D0FF24E00804ADF /* MyCollectionsAppTests */,
				7386C2D21D0FF24E00804ADF /* MyCollectionsAppUITests */,
			);
		};
/* End PBXProject section */

/* Begin PBXResourcesBuildPhase section */
		7386C2AD1D0FF24D00804ADF /* Resources */ = {
			isa = PBXResourcesBuildPhase;
			buildActionMask = 2147483647;
			files = (
				7386C2C21D0FF24D00804ADF /* LaunchScreen.storyboard in Resources */,
				7386C2BF1D0FF24D00804ADF /* Assets.xcassets in Resources */,
				7386C2BD1D0FF24D00804ADF /* Main.storyboard in Resources */,
			);
			runOnlyForDeploymentPostprocessing = 0;
		};
		7386C2C61D0FF24E00804ADF /* Resources */ = {
			isa = PBXResourcesBuildPhase;
			buildActionMask = 2147483647;
			files = (
			);
			runOnlyForDeploymentPostprocessing = 0;
		};
		7386C2D11D0FF24E00804ADF /* Resources */ = {
			isa = PBXResourcesBuildPhase;
			buildActionMask = 2147483647;
			files = (
			);
			runOnlyForDeploymentPostprocessing = 0;
		};
/* End PBXResourcesBuildPhase section */

/* Begin PBXSourcesBuildPhase section */
		7386C2AB1D0FF24D00804ADF /* Sources */ = {
			isa = PBXSourcesBuildPhase;
			buildActionMask = 2147483647;
			files = (
				7386C2BA1D0FF24D00804ADF /* ViewController.m in Sources */,
				7386C2B71D0FF24D00804ADF /* AppDelegate.m in Sources */,
				7386C2B41D0FF24D00804ADF /* main.m in Sources */,
			);
			runOnlyForDeploymentPostprocessing = 0;
		};
		7386C2C41D0FF24E00804ADF /* Sources */ = {
			isa = PBXSourcesBuildPhase;
			buildActionMask = 2147483647;
			files = (
				7386C2CD1D0FF24E00804ADF /* MyCollectionsAppTests.m in Sources */,
			);
			runOnlyForDeploymentPostprocessing = 0;
		};
		7386C2CF1D0FF24E00804ADF /* Sources */ = {
			isa = PBXSourcesBuildPhase;
			buildActionMask = 2147483647;
			files = (
				7386C2D81D0FF24E00804ADF /* MyCollectionsAppUITests.m in Sources */,
			);
			runOnlyForDeploymentPostprocessing = 0;
		};
/* End PBXSourcesBuildPhase section */

/* Begin PBXTargetDependency section */
		7386C2CA1D0FF24E00804ADF /* PBXTargetDependency */ = {
			isa = PBXTargetDependency;
			target = 7386C2AE1D0FF24D00804ADF /* MyCollectionsApp */;
			targetProxy = 7386C2C91D0FF24E00804ADF /* PBXContainerItemProxy */;
		};
		7386C2D51D0FF24E00804ADF /* PBXTargetDependency */ = {
			isa = PBXTargetDependency;
			target = 7386C2AE1D0FF24D00804ADF /* MyCollectionsApp */;
			targetProxy = 7386C2D41D0FF24E00804ADF /* PBXContainerItemProxy */;
		};
/* End PBXTargetDependency section */

/* Begin PBXVariantGroup section */
		7386C2BB1D0FF24D00804ADF /* Main.storyboard */ = {
			isa = PBXVariantGroup;
			children = (
				7386C2BC1D0FF24D00804ADF /* Base */,
			);
			name = Main.storyboard;
			sourceTree = "<group>";
		};
		7386C2C01D0FF24D00804ADF /* LaunchScreen.storyboard */ = {
			isa = PBXVariantGroup;
			children = (
				7386C2C11D0FF24D00804ADF /* Base */,
			);
			name = LaunchScreen.storyboard;
			sourceTree = "<group>";
		};
/* End PBXVariantGroup section */

/* Begin XCBuildConfiguration section */
		7386C2DA1D0FF24E00804ADF /* Debug */ = {
			isa = XCBuildConfiguration;
			buildSettings = {
				ALWAYS_SEARCH_USER_PATHS = NO;
				CLANG_ANALYZER_NONNULL = YES;
				CLANG_CXX_LANGUAGE_STANDARD = "gnu++0x";
				CLANG_CXX_LIBRARY = "libc++";
				CLANG_ENABLE_MODULES = YES;
				CLANG_ENABLE_OBJC_ARC = YES;
				CLANG_WARN_BOOL_CONVERSION = YES;
				CLANG_WARN_CONSTANT_CONVERSION = YES;
				CLANG_WARN_DIRECT_OBJC_ISA_USAGE = YES_ERROR;
				CLANG_WARN_EMPTY_BODY = YES;
				CLANG_WARN_ENUM_CONVERSION = YES;
				CLANG_WARN_INT_CONVERSION = YES;
				CLANG_WARN_OBJC_ROOT_CLASS = YES_ERROR;
				CLANG_WARN_UNREACHABLE_CODE = YES;
				CLANG_WARN__DUPLICATE_METHOD_MATCH = YES;
				"CODE_SIGN_IDENTITY[sdk=iphoneos*]" = "iPhone Developer";
				COPY_PHASE_STRIP = NO;
				DEBUG_INFORMATION_FORMAT = dwarf;
				ENABLE_STRICT_OBJC_MSGSEND = YES;
				ENABLE_TESTABILITY = YES;
				GCC_C_LANGUAGE_STANDARD = gnu99;
				GCC_DYNAMIC_NO_PIC = NO;
				GCC_NO_COMMON_BLOCKS = YES;
				GCC_OPTIMIZATION_LEVEL = 0;
				GCC_PREPROCESSOR_DEFINITIONS = (
					"DEBUG=1",
					"$(inherited)",
				);
				GCC_WARN_64_TO_32_BIT_CONVERSION = YES;
				GCC_WARN_ABOUT_RETURN_TYPE = YES_ERROR;
				GCC_WARN_UNDECLARED_SELECTOR = YES;
				GCC_WARN_UNINITIALIZED_AUTOS = YES_AGGRESSIVE;
				GCC_WARN_UNUSED_FUNCTION = YES;
				GCC_WARN_UNUSED_VARIABLE = YES;
				IPHONEOS_DEPLOYMENT_TARGET = 9.3;
				MTL_ENABLE_DEBUG_INFO = YES;
				ONLY_ACTIVE_ARCH = YES;
				SDKROOT = iphoneos;
				TARGETED_DEVICE_FAMILY = "1,2";
			};
			name = Debug;
		};
		7386C2DB1D0FF24E00804ADF /* Release */ = {
			isa = XCBuildConfiguration;
			buildSettings = {
				ALWAYS_SEARCH_USER_PATHS = NO;
				CLANG_ANALYZER_NONNULL = YES;
				CLANG_CXX_LANGUAGE_STANDARD = "gnu++0x";
				CLANG_CXX_LIBRARY = "libc++";
				CLANG_ENABLE_MODULES = YES;
				CLANG_ENABLE_OBJC_ARC = YES;
				CLANG_WARN_BOOL_CONVERSION = YES;
				CLANG_WARN_CONSTANT_CONVERSION = YES;
				CLANG_WARN_DIRECT_OBJC_ISA_USAGE = YES_ERROR;
				CLANG_WARN_EMPTY_BODY = YES;
				CLANG_WARN_ENUM_CONVERSION = YES;
				CLANG_WARN_INT_CONVERSION = YES;
				CLANG_WARN_OBJC_ROOT_CLASS = YES_ERROR;
				CLANG_WARN_UNREACHABLE_CODE = YES;
				CLANG_WARN__DUPLICATE_METHOD_MATCH = YES;
				"CODE_SIGN_IDENTITY[sdk=iphoneos*]" = "iPhone Developer";
				COPY_PHASE_STRIP = NO;
				DEBUG_INFORMATION_FORMAT = "dwarf-with-dsym";
				ENABLE_NS_ASSERTIONS = NO;
				ENABLE_STRICT_OBJC_MSGSEND = YES;
				GCC_C_LANGUAGE_STANDARD = gnu99;
				GCC_NO_COMMON_BLOCKS = YES;
				GCC_WARN_64_TO_32_BIT_CONVERSION = YES;
				GCC_WARN_ABOUT_RETURN_TYPE = YES_ERROR;
				GCC_WARN_UNDECLARED_SELECTOR = YES;
				GCC_WARN_UNINITIALIZED_AUTOS = YES_AGGRESSIVE;
				GCC_WARN_UNUSED_FUNCTION = YES;
				GCC_WARN_UNUSED_VARIABLE = YES;
				IPHONEOS_DEPLOYMENT_TARGET = 9.3;
				MTL_ENABLE_DEBUG_INFO = NO;
				SDKROOT = iphoneos;
				TARGETED_DEVICE_FAMILY = "1,2";
				VALIDATE_PRODUCT = YES;
			};
			name = Release;
		};
		7386C2DD1D0FF24E00804ADF /* Debug */ = {
			isa = XCBuildConfiguration;
			buildSettings = {
				ASSETCATALOG_COMPILER_APPICON_NAME = AppIcon;
				INFOPLIST_FILE = MyCollectionsApp/Info.plist;
				IPHONEOS_DEPLOYMENT_TARGET = 7.0;
				LD_RUNPATH_SEARCH_PATHS = "$(inherited) @executable_path/Frameworks";
				PRODUCT_BUNDLE_IDENTIFIER = com.encompass8.myapp.MyCollectionsApp;
				PRODUCT_NAME = "$(TARGET_NAME)";
			};
			name = Debug;
		};
		7386C2DE1D0FF24E00804ADF /* Release */ = {
			isa = XCBuildConfiguration;
			buildSettings = {
				ASSETCATALOG_COMPILER_APPICON_NAME = AppIcon;
				INFOPLIST_FILE = MyCollectionsApp/Info.plist;
				IPHONEOS_DEPLOYMENT_TARGET = 7.0;
				LD_RUNPATH_SEARCH_PATHS = "$(inherited) @executable_path/Frameworks";
				PRODUCT_BUNDLE_IDENTIFIER = com.encompass8.myapp.MyCollectionsApp;
				PRODUCT_NAME = "$(TARGET_NAME)";
			};
			name = Release;
		};
		7386C2E01D0FF24E00804ADF /* Debug */ = {
			isa = XCBuildConfiguration;
			buildSettings = {
				BUNDLE_LOADER = "$(TEST_HOST)";
				INFOPLIST_FILE = MyCollectionsAppTests/Info.plist;
				LD_RUNPATH_SEARCH_PATHS = "$(inherited) @executable_path/Frameworks @loader_path/Frameworks";
				PRODUCT_BUNDLE_IDENTIFIER = com.zhiupping8.myapp.MyCollectionsAppTests;
				PRODUCT_NAME = "$(TARGET_NAME)";
				TEST_HOST = "$(BUILT_PRODUCTS_DIR)/MyCollectionsApp.app/MyCollectionsApp";
			};
			name = Debug;
		};
		7386C2E11D0FF24E00804ADF /* Release */ = {
			isa = XCBuildConfiguration;
			buildSettings = {
				BUNDLE_LOADER = "$(TEST_HOST)";
				INFOPLIST_FILE = MyCollectionsAppTests/Info.plist;
				LD_RUNPATH_SEARCH_PATHS = "$(inherited) @executable_path/Frameworks @loader_path/Frameworks";
				PRODUCT_BUNDLE_IDENTIFIER = com.zhiupping8.myapp.MyCollectionsAppTests;
				PRODUCT_NAME = "$(TARGET_NAME)";
				TEST_HOST = "$(BUILT_PRODUCTS_DIR)/MyCollectionsApp.app/MyCollectionsApp";
			};
			name = Release;
		};
		7386C2E31D0FF24E00804ADF /* Debug */ = {
			isa = XCBuildConfiguration;
			buildSettings = {
				INFOPLIST_FILE = MyCollectionsAppUITests/Info.plist;
				LD_RUNPATH_SEARCH_PATHS = "$(inherited) @executable_path/Frameworks @loader_path/Frameworks";
				PRODUCT_BUNDLE_IDENTIFIER = com.zhiupping8.myapp.MyCollectionsAppUITests;
				PRODUCT_NAME = "$(TARGET_NAME)";
				TEST_TARGET_NAME = MyCollectionsApp;
			};
			name = Debug;
		};
		7386C2E41D0FF24E00804ADF /* Release */ = {
			isa = XCBuildConfiguration;
			buildSettings = {
				INFOPLIST_FILE = MyCollectionsAppUITests/Info.plist;
				LD_RUNPATH_SEARCH_PATHS = "$(inherited) @executable_path/Frameworks @loader_path/Frameworks";
				PRODUCT_BUNDLE_IDENTIFIER = com.zhiupping8.myapp.MyCollectionsAppUITests;
				PRODUCT_NAME = "$(TARGET_NAME)";
				TEST_TARGET_NAME = MyCollectionsApp;
			};
			name = Release;
		};
/* End XCBuildConfiguration section */

/* Begin XCConfigurationList section */
		7386C2AA1D0FF24D00804ADF /* Build configuration list for PBXProject "MyCollectionsApp" */ = {
			isa = XCConfigurationList;
			buildConfigurations = (
				7386C2DA1D0FF24E00804ADF /* Debug */,
				7386C2DB1D0FF24E00804ADF /* Release */,
			);
			defaultConfigurationIsVisible = 0;
			defaultConfigurationName = Release;
		};
		7386C2DC1D0FF24E00804ADF /* Build configuration list for PBXNativeTarget "MyCollectionsApp" */ = {
			isa = XCConfigurationList;
			buildConfigurations = (
				7386C2DD1D0FF24E00804ADF /* Debug */,
				7386C2DE1D0FF24E00804ADF /* Release */,
			);
			defaultConfigurationIsVisible = 0;
		};
		7386C2DF1D0FF24E00804ADF /* Build configuration list for PBXNativeTarget "MyCollectionsAppTests" */ = {
			isa = XCConfigurationList;
			buildConfigurations = (
				7386C2E01D0FF24E00804ADF /* Debug */,
				7386C2E11D0FF24E00804ADF /* Release */,
			);
			defaultConfigurationIsVisible = 0;
		};
		7386C2E21D0FF24E00804ADF /* Build configuration list for PBXNativeTarget "MyCollectionsAppUITests" */ = {
			isa = XCConfigurationList;
			buildConfigurations = (
				7386C2E31D0FF24E00804ADF /* Debug */,
				7386C2E41D0FF24E00804ADF /* Release */,
			);
			defaultConfigurationIsVisible = 0;
		};
/* End XCConfigurationList section */
	};
	rootObject = 7386C2A71D0FF24D00804ADF /* Project object */;
}
