// !$*UTF8*$!
{
	archiveVersion = 1;
	classes = {
	};
	objectVersion = 46;
	objects = {

/* Begin PBXBuildFile section */
		738E2B9E1D191C28007F755B /* main.m in Sources */ = {isa = PBXBuildFile; fileRef = 738E2B9D1D191C28007F755B /* main.m */; };
		738E2BA11D191C28007F755B /* AppDelegate.m in Sources */ = {isa = PBXBuildFile; fileRef = 738E2BA01D191C28007F755B /* AppDelegate.m */; };
		738E2BA41D191C28007F755B /* ViewController.m in Sources */ = {isa = PBXBuildFile; fileRef = 738E2BA31D191C28007F755B /* ViewController.m */; };
		738E2BA71D191C28007F755B /* Main.storyboard in Resources */ = {isa = PBXBuildFile; fileRef = 738E2BA51D191C28007F755B /* Main.storyboard */; };
		738E2BA91D191C28007F755B /* Assets.xcassets in Resources */ = {isa = PBXBuildFile; fileRef = 738E2BA81D191C28007F755B /* Assets.xcassets */; };
		738E2BAC1D191C28007F755B /* LaunchScreen.storyboard in Resources */ = {isa = PBXBuildFile; fileRef = 738E2BAA1D191C28007F755B /* LaunchScreen.storyboard */; };
		738E2BB71D191C28007F755B /* AutoLayoutTestTests.m in Sources */ = {isa = PBXBuildFile; fileRef = 738E2BB61D191C28007F755B /* AutoLayoutTestTests.m */; };
		738E2BC21D191C28007F755B /* AutoLayoutTestUITests.m in Sources */ = {isa = PBXBuildFile; fileRef = 738E2BC11D191C28007F755B /* AutoLayoutTestUITests.m */; };
/* End PBXBuildFile section */

/* Begin PBXContainerItemProxy section */
		738E2BB31D191C28007F755B /* PBXContainerItemProxy */ = {
			isa = PBXContainerItemProxy;
			containerPortal = 738E2B911D191C28007F755B /* Project object */;
			proxyType = 1;
			remoteGlobalIDString = 738E2B981D191C28007F755B;
			remoteInfo = AutoLayoutTest;
		};
		738E2BBE1D191C28007F755B /* PBXContainerItemProxy */ = {
			isa = PBXContainerItemProxy;
			containerPortal = 738E2B911D191C28007F755B /* Project object */;
			proxyType = 1;
			remoteGlobalIDString = 738E2B981D191C28007F755B;
			remoteInfo = AutoLayoutTest;
		};
/* End PBXContainerItemProxy section */

/* Begin PBXFileReference section */
		738E2B991D191C28007F755B /* AutoLayoutTest.app */ = {isa = PBXFileReference; explicitFileType = wrapper.application; includeInIndex = 0; path = AutoLayoutTest.app; sourceTree = BUILT_PRODUCTS_DIR; };
		738E2B9D1D191C28007F755B /* main.m */ = {isa = PBXFileReference; lastKnownFileType = sourcecode.c.objc; path = main.m; sourceTree = "<group>"; };
		738E2B9F1D191C28007F755B /* AppDelegate.h */ = {isa = PBXFileReference; lastKnownFileType = sourcecode.c.h; path = AppDelegate.h; sourceTree = "<group>"; };
		738E2BA01D191C28007F755B /* AppDelegate.m */ = {isa = PBXFileReference; lastKnownFileType = sourcecode.c.objc; path = AppDelegate.m; sourceTree = "<group>"; };
		738E2BA21D191C28007F755B /* ViewController.h */ = {isa = PBXFileReference; lastKnownFileType = sourcecode.c.h; path = ViewController.h; sourceTree = "<group>"; };
		738E2BA31D191C28007F755B /* ViewController.m */ = {isa = PBXFileReference; lastKnownFileType = sourcecode.c.objc; path = ViewController.m; sourceTree = "<group>"; };
		738E2BA61D191C28007F755B /* Base */ = {isa = PBXFileReference; lastKnownFileType = file.storyboard; name = Base; path = Base.lproj/Main.storyboard; sourceTree = "<group>"; };
		738E2BA81D191C28007F755B /* Assets.xcassets */ = {isa = PBXFileReference; lastKnownFileType = folder.assetcatalog; path = Assets.xcassets; sourceTree = "<group>"; };
		738E2BAB1D191C28007F755B /* Base */ = {isa = PBXFileReference; lastKnownFileType = file.storyboard; name = Base; path = Base.lproj/LaunchScreen.storyboard; sourceTree = "<group>"; };
		738E2BAD1D191C28007F755B /* Info.plist */ = {isa = PBXFileReference; lastKnownFileType = text.plist.xml; path = Info.plist; sourceTree = "<group>"; };
		738E2BB21D191C28007F755B /* AutoLayoutTestTests.xctest */ = {isa = PBXFileReference; explicitFileType = wrapper.cfbundle; includeInIndex = 0; path = AutoLayoutTestTests.xctest; sourceTree = BUILT_PRODUCTS_DIR; };
		738E2BB61D191C28007F755B /* AutoLayoutTestTests.m */ = {isa = PBXFileReference; lastKnownFileType = sourcecode.c.objc; path = AutoLayoutTestTests.m; sourceTree = "<group>"; };
		738E2BB81D191C28007F755B /* Info.plist */ = {isa = PBXFileReference; lastKnownFileType = text.plist.xml; path = Info.plist; sourceTree = "<group>"; };
		738E2BBD1D191C28007F755B /* AutoLayoutTestUITests.xctest */ = {isa = PBXFileReference; explicitFileType = wrapper.cfbundle; includeInIndex = 0; path = AutoLayoutTestUITests.xctest; sourceTree = BUILT_PRODUCTS_DIR; };
		738E2BC11D191C28007F755B /* AutoLayoutTestUITests.m */ = {isa = PBXFileReference; lastKnownFileType = sourcecode.c.objc; path = AutoLayoutTestUITests.m; sourceTree = "<group>"; };
		738E2BC31D191C28007F755B /* Info.plist */ = {isa = PBXFileReference; lastKnownFileType = text.plist.xml; path = Info.plist; sourceTree = "<group>"; };
/* End PBXFileReference section */

/* Begin PBXFrameworksBuildPhase section */
		738E2B961D191C28007F755B /* Frameworks */ = {
			isa = PBXFrameworksBuildPhase;
			buildActionMask = 2147483647;
			files = (
			);
			runOnlyForDeploymentPostprocessing = 0;
		};
		738E2BAF1D191C28007F755B /* Frameworks */ = {
			isa = PBXFrameworksBuildPhase;
			buildActionMask = 2147483647;
			files = (
			);
			runOnlyForDeploymentPostprocessing = 0;
		};
		738E2BBA1D191C28007F755B /* Frameworks */ = {
			isa = PBXFrameworksBuildPhase;
			buildActionMask = 2147483647;
			files = (
			);
			runOnlyForDeploymentPostprocessing = 0;
		};
/* End PBXFrameworksBuildPhase section */

/* Begin PBXGroup section */
		738E2B901D191C28007F755B = {
			isa = PBXGroup;
			children = (
				738E2B9B1D191C28007F755B /* AutoLayoutTest */,
				738E2BB51D191C28007F755B /* AutoLayoutTestTests */,
				738E2BC01D191C28007F755B /* AutoLayoutTestUITests */,
				738E2B9A1D191C28007F755B /* Products */,
			);
			sourceTree = "<group>";
		};
		738E2B9A1D191C28007F755B /* Products */ = {
			isa = PBXGroup;
			children = (
				738E2B991D191C28007F755B /* AutoLayoutTest.app */,
				738E2BB21D191C28007F755B /* AutoLayoutTestTests.xctest */,
				738E2BBD1D191C28007F755B /* AutoLayoutTestUITests.xctest */,
			);
			name = Products;
			sourceTree = "<group>";
		};
		738E2B9B1D191C28007F755B /* AutoLayoutTest */ = {
			isa = PBXGroup;
			children = (
				738E2B9F1D191C28007F755B /* AppDelegate.h */,
				738E2BA01D191C28007F755B /* AppDelegate.m */,
				738E2BA21D191C28007F755B /* ViewController.h */,
				738E2BA31D191C28007F755B /* ViewController.m */,
				738E2BA51D191C28007F755B /* Main.storyboard */,
				738E2BA81D191C28007F755B /* Assets.xcassets */,
				738E2BAA1D191C28007F755B /* LaunchScreen.storyboard */,
				738E2BAD1D191C28007F755B /* Info.plist */,
				738E2B9C1D191C28007F755B /* Supporting Files */,
			);
			path = AutoLayoutTest;
			sourceTree = "<group>";
		};
		738E2B9C1D191C28007F755B /* Supporting Files */ = {
			isa = PBXGroup;
			children = (
				738E2B9D1D191C28007F755B /* main.m */,
			);
			name = "Supporting Files";
			sourceTree = "<group>";
		};
		738E2BB51D191C28007F755B /* AutoLayoutTestTests */ = {
			isa = PBXGroup;
			children = (
				738E2BB61D191C28007F755B /* AutoLayoutTestTests.m */,
				738E2BB81D191C28007F755B /* Info.plist */,
			);
			path = AutoLayoutTestTests;
			sourceTree = "<group>";
		};
		738E2BC01D191C28007F755B /* AutoLayoutTestUITests */ = {
			isa = PBXGroup;
			children = (
				738E2BC11D191C28007F755B /* AutoLayoutTestUITests.m */,
				738E2BC31D191C28007F755B /* Info.plist */,
			);
			path = AutoLayoutTestUITests;
			sourceTree = "<group>";
		};
/* End PBXGroup section */

/* Begin PBXNativeTarget section */
		738E2B981D191C28007F755B /* AutoLayoutTest */ = {
			isa = PBXNativeTarget;
			buildConfigurationList = 738E2BC61D191C28007F755B /* Build configuration list for PBXNativeTarget "AutoLayoutTest" */;
			buildPhases = (
				738E2B951D191C28007F755B /* Sources */,
				738E2B961D191C28007F755B /* Frameworks */,
				738E2B971D191C28007F755B /* Resources */,
			);
			buildRules = (
			);
			dependencies = (
			);
			name = AutoLayoutTest;
			productName = AutoLayoutTest;
			productReference = 738E2B991D191C28007F755B /* AutoLayoutTest.app */;
			productType = "com.apple.product-type.application";
		};
		738E2BB11D191C28007F755B /* AutoLayoutTestTests */ = {
			isa = PBXNativeTarget;
			buildConfigurationList = 738E2BC91D191C28007F755B /* Build configuration list for PBXNativeTarget "AutoLayoutTestTests" */;
			buildPhases = (
				738E2BAE1D191C28007F755B /* Sources */,
				738E2BAF1D191C28007F755B /* Frameworks */,
				738E2BB01D191C28007F755B /* Resources */,
			);
			buildRules = (
			);
			dependencies = (
				738E2BB41D191C28007F755B /* PBXTargetDependency */,
			);
			name = AutoLayoutTestTests;
			productName = AutoLayoutTestTests;
			productReference = 738E2BB21D191C28007F755B /* AutoLayoutTestTests.xctest */;
			productType = "com.apple.product-type.bundle.unit-test";
		};
		738E2BBC1D191C28007F755B /* AutoLayoutTestUITests */ = {
			isa = PBXNativeTarget;
			buildConfigurationList = 738E2BCC1D191C28007F755B /* Build configuration list for PBXNativeTarget "AutoLayoutTestUITests" */;
			buildPhases = (
				738E2BB91D191C28007F755B /* Sources */,
				738E2BBA1D191C28007F755B /* Frameworks */,
				738E2BBB1D191C28007F755B /* Resources */,
			);
			buildRules = (
			);
			dependencies = (
				738E2BBF1D191C28007F755B /* PBXTargetDependency */,
			);
			name = AutoLayoutTestUITests;
			productName = AutoLayoutTestUITests;
			productReference = 738E2BBD1D191C28007F755B /* AutoLayoutTestUITests.xctest */;
			productType = "com.apple.product-type.bundle.ui-testing";
		};
/* End PBXNativeTarget section */

/* Begin PBXProject section */
		738E2B911D191C28007F755B /* Project object */ = {
			isa = PBXProject;
			attributes = {
				LastUpgradeCheck = 0730;
				ORGANIZATIONNAME = zhiupping8;
				TargetAttributes = {
					738E2B981D191C28007F755B = {
						CreatedOnToolsVersion = 7.3.1;
					};
					738E2BB11D191C28007F755B = {
						CreatedOnToolsVersion = 7.3.1;
						TestTargetID = 738E2B981D191C28007F755B;
					};
					738E2BBC1D191C28007F755B = {
						CreatedOnToolsVersion = 7.3.1;
						TestTargetID = 738E2B981D191C28007F755B;
					};
				};
			};
			buildConfigurationList = 738E2B941D191C28007F755B /* Build configuration list for PBXProject "AutoLayoutTest" */;
			compatibilityVersion = "Xcode 3.2";
			developmentRegion = English;
			hasScannedForEncodings = 0;
			knownRegions = (
				en,
				Base,
			);
			mainGroup = 738E2B901D191C28007F755B;
			productRefGroup = 738E2B9A1D191C28007F755B /* Products */;
			projectDirPath = "";
			projectRoot = "";
			targets = (
				738E2B981D191C28007F755B /* AutoLayoutTest */,
				738E2BB11D191C28007F755B /* AutoLayoutTestTests */,
				738E2BBC1D191C28007F755B /* AutoLayoutTestUITests */,
			);
		};
/* End PBXProject section */

/* Begin PBXResourcesBuildPhase section */
		738E2B971D191C28007F755B /* Resources */ = {
			isa = PBXResourcesBuildPhase;
			buildActionMask = 2147483647;
			files = (
				738E2BAC1D191C28007F755B /* LaunchScreen.storyboard in Resources */,
				738E2BA91D191C28007F755B /* Assets.xcassets in Resources */,
				738E2BA71D191C28007F755B /* Main.storyboard in Resources */,
			);
			runOnlyForDeploymentPostprocessing = 0;
		};
		738E2BB01D191C28007F755B /* Resources */ = {
			isa = PBXResourcesBuildPhase;
			buildActionMask = 2147483647;
			files = (
			);
			runOnlyForDeploymentPostprocessing = 0;
		};
		738E2BBB1D191C28007F755B /* Resources */ = {
			isa = PBXResourcesBuildPhase;
			buildActionMask = 2147483647;
			files = (
			);
			runOnlyForDeploymentPostprocessing = 0;
		};
/* End PBXResourcesBuildPhase section */

/* Begin PBXSourcesBuildPhase section */
		738E2B951D191C28007F755B /* Sources */ = {
			isa = PBXSourcesBuildPhase;
			buildActionMask = 2147483647;
			files = (
				738E2BA41D191C28007F755B /* ViewController.m in Sources */,
				738E2BA11D191C28007F755B /* AppDelegate.m in Sources */,
				738E2B9E1D191C28007F755B /* main.m in Sources */,
			);
			runOnlyForDeploymentPostprocessing = 0;
		};
		738E2BAE1D191C28007F755B /* Sources */ = {
			isa = PBXSourcesBuildPhase;
			buildActionMask = 2147483647;
			files = (
				738E2BB71D191C28007F755B /* AutoLayoutTestTests.m in Sources */,
			);
			runOnlyForDeploymentPostprocessing = 0;
		};
		738E2BB91D191C28007F755B /* Sources */ = {
			isa = PBXSourcesBuildPhase;
			buildActionMask = 2147483647;
			files = (
				738E2BC21D191C28007F755B /* AutoLayoutTestUITests.m in Sources */,
			);
			runOnlyForDeploymentPostprocessing = 0;
		};
/* End PBXSourcesBuildPhase section */

/* Begin PBXTargetDependency section */
		738E2BB41D191C28007F755B /* PBXTargetDependency */ = {
			isa = PBXTargetDependency;
			target = 738E2B981D191C28007F755B /* AutoLayoutTest */;
			targetProxy = 738E2BB31D191C28007F755B /* PBXContainerItemProxy */;
		};
		738E2BBF1D191C28007F755B /* PBXTargetDependency */ = {
			isa = PBXTargetDependency;
			target = 738E2B981D191C28007F755B /* AutoLayoutTest */;
			targetProxy = 738E2BBE1D191C28007F755B /* PBXContainerItemProxy */;
		};
/* End PBXTargetDependency section */

/* Begin PBXVariantGroup section */
		738E2BA51D191C28007F755B /* Main.storyboard */ = {
			isa = PBXVariantGroup;
			children = (
				738E2BA61D191C28007F755B /* Base */,
			);
			name = Main.storyboard;
			sourceTree = "<group>";
		};
		738E2BAA1D191C28007F755B /* LaunchScreen.storyboard */ = {
			isa = PBXVariantGroup;
			children = (
				738E2BAB1D191C28007F755B /* Base */,
			);
			name = LaunchScreen.storyboard;
			sourceTree = "<group>";
		};
/* End PBXVariantGroup section */

/* Begin XCBuildConfiguration section */
		738E2BC41D191C28007F755B /* Debug */ = {
			isa = XCBuildConfiguration;
			buildSettings = {
				ALWAYS_SEARCH_USER_PATHS = NO;
				CLANG_ANALYZER_NONNULL = YES;
				CLANG_CXX_LANGUAGE_STANDARD = "gnu++0x";
				CLANG_CXX_LIBRARY = "libc++";
				CLANG_ENABLE_MODULES = YES;
				CLANG_ENABLE_OBJC_ARC = YES;
				CLANG_WARN_BOOL_CONVERSION = YES;
				CLANG_WARN_CONSTANT_CONVERSION = YES;
				CLANG_WARN_DIRECT_OBJC_ISA_USAGE = YES_ERROR;
				CLANG_WARN_EMPTY_BODY = YES;
				CLANG_WARN_ENUM_CONVERSION = YES;
				CLANG_WARN_INT_CONVERSION = YES;
				CLANG_WARN_OBJC_ROOT_CLASS = YES_ERROR;
				CLANG_WARN_UNREACHABLE_CODE = YES;
				CLANG_WARN__DUPLICATE_METHOD_MATCH = YES;
				"CODE_SIGN_IDENTITY[sdk=iphoneos*]" = "iPhone Developer";
				COPY_PHASE_STRIP = NO;
				DEBUG_INFORMATION_FORMAT = dwarf;
				ENABLE_STRICT_OBJC_MSGSEND = YES;
				ENABLE_TESTABILITY = YES;
				GCC_C_LANGUAGE_STANDARD = gnu99;
				GCC_DYNAMIC_NO_PIC = NO;
				GCC_NO_COMMON_BLOCKS = YES;
				GCC_OPTIMIZATION_LEVEL = 0;
				GCC_PREPROCESSOR_DEFINITIONS = (
					"DEBUG=1",
					"$(inherited)",
				);
				GCC_WARN_64_TO_32_BIT_CONVERSION = YES;
				GCC_WARN_ABOUT_RETURN_TYPE = YES_ERROR;
				GCC_WARN_UNDECLARED_SELECTOR = YES;
				GCC_WARN_UNINITIALIZED_AUTOS = YES_AGGRESSIVE;
				GCC_WARN_UNUSED_FUNCTION = YES;
				GCC_WARN_UNUSED_VARIABLE = YES;
				IPHONEOS_DEPLOYMENT_TARGET = 9.3;
				MTL_ENABLE_DEBUG_INFO = YES;
				ONLY_ACTIVE_ARCH = YES;
				SDKROOT = iphoneos;
				TARGETED_DEVICE_FAMILY = "1,2";
			};
			name = Debug;
		};
		738E2BC51D191C28007F755B /* Release */ = {
			isa = XCBuildConfiguration;
			buildSettings = {
				ALWAYS_SEARCH_USER_PATHS = NO;
				CLANG_ANALYZER_NONNULL = YES;
				CLANG_CXX_LANGUAGE_STANDARD = "gnu++0x";
				CLANG_CXX_LIBRARY = "libc++";
				CLANG_ENABLE_MODULES = YES;
				CLANG_ENABLE_OBJC_ARC = YES;
				CLANG_WARN_BOOL_CONVERSION = YES;
				CLANG_WARN_CONSTANT_CONVERSION = YES;
				CLANG_WARN_DIRECT_OBJC_ISA_USAGE = YES_ERROR;
				CLANG_WARN_EMPTY_BODY = YES;
				CLANG_WARN_ENUM_CONVERSION = YES;
				CLANG_WARN_INT_CONVERSION = YES;
				CLANG_WARN_OBJC_ROOT_CLASS = YES_ERROR;
				CLANG_WARN_UNREACHABLE_CODE = YES;
				CLANG_WARN__DUPLICATE_METHOD_MATCH = YES;
				"CODE_SIGN_IDENTITY[sdk=iphoneos*]" = "iPhone Developer";
				COPY_PHASE_STRIP = NO;
				DEBUG_INFORMATION_FORMAT = "dwarf-with-dsym";
				ENABLE_NS_ASSERTIONS = NO;
				ENABLE_STRICT_OBJC_MSGSEND = YES;
				GCC_C_LANGUAGE_STANDARD = gnu99;
				GCC_NO_COMMON_BLOCKS = YES;
				GCC_WARN_64_TO_32_BIT_CONVERSION = YES;
				GCC_WARN_ABOUT_RETURN_TYPE = YES_ERROR;
				GCC_WARN_UNDECLARED_SELECTOR = YES;
				GCC_WARN_UNINITIALIZED_AUTOS = YES_AGGRESSIVE;
				GCC_WARN_UNUSED_FUNCTION = YES;
				GCC_WARN_UNUSED_VARIABLE = YES;
				IPHONEOS_DEPLOYMENT_TARGET = 9.3;
				MTL_ENABLE_DEBUG_INFO = NO;
				SDKROOT = iphoneos;
				TARGETED_DEVICE_FAMILY = "1,2";
				VALIDATE_PRODUCT = YES;
			};
			name = Release;
		};
		738E2BC71D191C28007F755B /* Debug */ = {
			isa = XCBuildConfiguration;
			buildSettings = {
				ASSETCATALOG_COMPILER_APPICON_NAME = AppIcon;
				INFOPLIST_FILE = AutoLayoutTest/Info.plist;
				LD_RUNPATH_SEARCH_PATHS = "$(inherited) @executable_path/Frameworks";
				PRODUCT_BUNDLE_IDENTIFIER = com.zhiupping8.myapp.AutoLayoutTest;
				PRODUCT_NAME = "$(TARGET_NAME)";
			};
			name = Debug;
		};
		738E2BC81D191C28007F755B /* Release */ = {
			isa = XCBuildConfiguration;
			buildSettings = {
				ASSETCATALOG_COMPILER_APPICON_NAME = AppIcon;
				INFOPLIST_FILE = AutoLayoutTest/Info.plist;
				LD_RUNPATH_SEARCH_PATHS = "$(inherited) @executable_path/Frameworks";
				PRODUCT_BUNDLE_IDENTIFIER = com.zhiupping8.myapp.AutoLayoutTest;
				PRODUCT_NAME = "$(TARGET_NAME)";
			};
			name = Release;
		};
		738E2BCA1D191C28007F755B /* Debug */ = {
			isa = XCBuildConfiguration;
			buildSettings = {
				BUNDLE_LOADER = "$(TEST_HOST)";
				INFOPLIST_FILE = AutoLayoutTestTests/Info.plist;
				LD_RUNPATH_SEARCH_PATHS = "$(inherited) @executable_path/Frameworks @loader_path/Frameworks";
				PRODUCT_BUNDLE_IDENTIFIER = com.zhiupping8.myapp.AutoLayoutTestTests;
				PRODUCT_NAME = "$(TARGET_NAME)";
				TEST_HOST = "$(BUILT_PRODUCTS_DIR)/AutoLayoutTest.app/AutoLayoutTest";
			};
			name = Debug;
		};
		738E2BCB1D191C28007F755B /* Release */ = {
			isa = XCBuildConfiguration;
			buildSettings = {
				BUNDLE_LOADER = "$(TEST_HOST)";
				INFOPLIST_FILE = AutoLayoutTestTests/Info.plist;
				LD_RUNPATH_SEARCH_PATHS = "$(inherited) @executable_path/Frameworks @loader_path/Frameworks";
				PRODUCT_BUNDLE_IDENTIFIER = com.zhiupping8.myapp.AutoLayoutTestTests;
				PRODUCT_NAME = "$(TARGET_NAME)";
				TEST_HOST = "$(BUILT_PRODUCTS_DIR)/AutoLayoutTest.app/AutoLayoutTest";
			};
			name = Release;
		};
		738E2BCD1D191C28007F755B /* Debug */ = {
			isa = XCBuildConfiguration;
			buildSettings = {
				INFOPLIST_FILE = AutoLayoutTestUITests/Info.plist;
				LD_RUNPATH_SEARCH_PATHS = "$(inherited) @executable_path/Frameworks @loader_path/Frameworks";
				PRODUCT_BUNDLE_IDENTIFIER = com.zhiupping8.myapp.AutoLayoutTestUITests;
				PRODUCT_NAME = "$(TARGET_NAME)";
				TEST_TARGET_NAME = AutoLayoutTest;
			};
			name = Debug;
		};
		738E2BCE1D191C28007F755B /* Release */ = {
			isa = XCBuildConfiguration;
			buildSettings = {
				INFOPLIST_FILE = AutoLayoutTestUITests/Info.plist;
				LD_RUNPATH_SEARCH_PATHS = "$(inherited) @executable_path/Frameworks @loader_path/Frameworks";
				PRODUCT_BUNDLE_IDENTIFIER = com.zhiupping8.myapp.AutoLayoutTestUITests;
				PRODUCT_NAME = "$(TARGET_NAME)";
				TEST_TARGET_NAME = AutoLayoutTest;
			};
			name = Release;
		};
/* End XCBuildConfiguration section */

/* Begin XCConfigurationList section */
		738E2B941D191C28007F755B /* Build configuration list for PBXProject "AutoLayoutTest" */ = {
			isa = XCConfigurationList;
			buildConfigurations = (
				738E2BC41D191C28007F755B /* Debug */,
				738E2BC51D191C28007F755B /* Release */,
			);
			defaultConfigurationIsVisible = 0;
			defaultConfigurationName = Release;
		};
		738E2BC61D191C28007F755B /* Build configuration list for PBXNativeTarget "AutoLayoutTest" */ = {
			isa = XCConfigurationList;
			buildConfigurations = (
				738E2BC71D191C28007F755B /* Debug */,
				738E2BC81D191C28007F755B /* Release */,
			);
			defaultConfigurationIsVisible = 0;
		};
		738E2BC91D191C28007F755B /* Build configuration list for PBXNativeTarget "AutoLayoutTestTests" */ = {
			isa = XCConfigurationList;
			buildConfigurations = (
				738E2BCA1D191C28007F755B /* Debug */,
				738E2BCB1D191C28007F755B /* Release */,
			);
			defaultConfigurationIsVisible = 0;
		};
		738E2BCC1D191C28007F755B /* Build configuration list for PBXNativeTarget "AutoLayoutTestUITests" */ = {
			isa = XCConfigurationList;
			buildConfigurations = (
				738E2BCD1D191C28007F755B /* Debug */,
				738E2BCE1D191C28007F755B /* Release */,
			);
			defaultConfigurationIsVisible = 0;
		};
/* End XCConfigurationList section */
	};
	rootObject = 738E2B911D191C28007F755B /* Project object */;
}
