// !$*UTF8*$!
{
	archiveVersion = 1;
	classes = {
	};
	objectVersion = 46;
	objects = {

/* Begin PBXBuildFile section */
		73738B671DDEE70200546CE5 /* main.m in Sources */ = {isa = PBXBuildFile; fileRef = 73738B661DDEE70200546CE5 /* main.m */; };
		73738B6A1DDEE70200546CE5 /* AppDelegate.m in Sources */ = {isa = PBXBuildFile; fileRef = 73738B691DDEE70200546CE5 /* AppDelegate.m */; };
		73738B6D1DDEE70200546CE5 /* ViewController.m in Sources */ = {isa = PBXBuildFile; fileRef = 73738B6C1DDEE70200546CE5 /* ViewController.m */; };
		73738B701DDEE70200546CE5 /* Main.storyboard in Resources */ = {isa = PBXBuildFile; fileRef = 73738B6E1DDEE70200546CE5 /* Main.storyboard */; };
		73738B721DDEE70200546CE5 /* Assets.xcassets in Resources */ = {isa = PBXBuildFile; fileRef = 73738B711DDEE70200546CE5 /* Assets.xcassets */; };
		73738B751DDEE70200546CE5 /* LaunchScreen.storyboard in Resources */ = {isa = PBXBuildFile; fileRef = 73738B731DDEE70200546CE5 /* LaunchScreen.storyboard */; };
		73738B801DDEE70200546CE5 /* DataStorageTests.m in Sources */ = {isa = PBXBuildFile; fileRef = 73738B7F1DDEE70200546CE5 /* DataStorageTests.m */; };
		73738B8B1DDEE70200546CE5 /* DataStorageUITests.m in Sources */ = {isa = PBXBuildFile; fileRef = 73738B8A1DDEE70200546CE5 /* DataStorageUITests.m */; };
		73738B9C1DDEF04100546CE5 /* FMHelper.m in Sources */ = {isa = PBXBuildFile; fileRef = 73738B9B1DDEF04100546CE5 /* FMHelper.m */; };
		E52C23B223480EBAC96265C0 /* libPods-DataStorage.a in Frameworks */ = {isa = PBXBuildFile; fileRef = F1BC99386A04CCEFCB9E8C9F /* libPods-DataStorage.a */; };
		F32B861F9E3FF12844014D79 /* libPods-DataStorage-DataStorageTests.a in Frameworks */ = {isa = PBXBuildFile; fileRef = 1ECA3D0F7565C068EEEAD6C0 /* libPods-DataStorage-DataStorageTests.a */; };
/* End PBXBuildFile section */

/* Begin PBXContainerItemProxy section */
		73738B7C1DDEE70200546CE5 /* PBXContainerItemProxy */ = {
			isa = PBXContainerItemProxy;
			containerPortal = 73738B5A1DDEE70100546CE5 /* Project object */;
			proxyType = 1;
			remoteGlobalIDString = 73738B611DDEE70100546CE5;
			remoteInfo = DataStorage;
		};
		73738B871DDEE70200546CE5 /* PBXContainerItemProxy */ = {
			isa = PBXContainerItemProxy;
			containerPortal = 73738B5A1DDEE70100546CE5 /* Project object */;
			proxyType = 1;
			remoteGlobalIDString = 73738B611DDEE70100546CE5;
			remoteInfo = DataStorage;
		};
/* End PBXContainerItemProxy section */

/* Begin PBXFileReference section */
		1ECA3D0F7565C068EEEAD6C0 /* libPods-DataStorage-DataStorageTests.a */ = {isa = PBXFileReference; explicitFileType = archive.ar; includeInIndex = 0; path = "libPods-DataStorage-DataStorageTests.a"; sourceTree = BUILT_PRODUCTS_DIR; };
		3F5C31DAAF9D128371B44771 /* Pods-DataStorage.debug.xcconfig */ = {isa = PBXFileReference; includeInIndex = 1; lastKnownFileType = text.xcconfig; name = "Pods-DataStorage.debug.xcconfig"; path = "Pods/Target Support Files/Pods-DataStorage/Pods-DataStorage.debug.xcconfig"; sourceTree = "<group>"; };
		50271A800128F85873DD47D2 /* Pods-DataStorage-DataStorageTests.release.xcconfig */ = {isa = PBXFileReference; includeInIndex = 1; lastKnownFileType = text.xcconfig; name = "Pods-DataStorage-DataStorageTests.release.xcconfig"; path = "Pods/Target Support Files/Pods-DataStorage-DataStorageTests/Pods-DataStorage-DataStorageTests.release.xcconfig"; sourceTree = "<group>"; };
		73738B621DDEE70100546CE5 /* DataStorage.app */ = {isa = PBXFileReference; explicitFileType = wrapper.application; includeInIndex = 0; path = DataStorage.app; sourceTree = BUILT_PRODUCTS_DIR; };
		73738B661DDEE70200546CE5 /* main.m */ = {isa = PBXFileReference; lastKnownFileType = sourcecode.c.objc; path = main.m; sourceTree = "<group>"; };
		73738B681DDEE70200546CE5 /* AppDelegate.h */ = {isa = PBXFileReference; lastKnownFileType = sourcecode.c.h; path = AppDelegate.h; sourceTree = "<group>"; };
		73738B691DDEE70200546CE5 /* AppDelegate.m */ = {isa = PBXFileReference; lastKnownFileType = sourcecode.c.objc; path = AppDelegate.m; sourceTree = "<group>"; };
		73738B6B1DDEE70200546CE5 /* ViewController.h */ = {isa = PBXFileReference; lastKnownFileType = sourcecode.c.h; path = ViewController.h; sourceTree = "<group>"; };
		73738B6C1DDEE70200546CE5 /* ViewController.m */ = {isa = PBXFileReference; lastKnownFileType = sourcecode.c.objc; path = ViewController.m; sourceTree = "<group>"; };
		73738B6F1DDEE70200546CE5 /* Base */ = {isa = PBXFileReference; lastKnownFileType = file.storyboard; name = Base; path = Base.lproj/Main.storyboard; sourceTree = "<group>"; };
		73738B711DDEE70200546CE5 /* Assets.xcassets */ = {isa = PBXFileReference; lastKnownFileType = folder.assetcatalog; path = Assets.xcassets; sourceTree = "<group>"; };
		73738B741DDEE70200546CE5 /* Base */ = {isa = PBXFileReference; lastKnownFileType = file.storyboard; name = Base; path = Base.lproj/LaunchScreen.storyboard; sourceTree = "<group>"; };
		73738B761DDEE70200546CE5 /* Info.plist */ = {isa = PBXFileReference; lastKnownFileType = text.plist.xml; path = Info.plist; sourceTree = "<group>"; };
		73738B7B1DDEE70200546CE5 /* DataStorageTests.xctest */ = {isa = PBXFileReference; explicitFileType = wrapper.cfbundle; includeInIndex = 0; path = DataStorageTests.xctest; sourceTree = BUILT_PRODUCTS_DIR; };
		73738B7F1DDEE70200546CE5 /* DataStorageTests.m */ = {isa = PBXFileReference; lastKnownFileType = sourcecode.c.objc; path = DataStorageTests.m; sourceTree = "<group>"; };
		73738B811DDEE70200546CE5 /* Info.plist */ = {isa = PBXFileReference; lastKnownFileType = text.plist.xml; path = Info.plist; sourceTree = "<group>"; };
		73738B861DDEE70200546CE5 /* DataStorageUITests.xctest */ = {isa = PBXFileReference; explicitFileType = wrapper.cfbundle; includeInIndex = 0; path = DataStorageUITests.xctest; sourceTree = BUILT_PRODUCTS_DIR; };
		73738B8A1DDEE70200546CE5 /* DataStorageUITests.m */ = {isa = PBXFileReference; lastKnownFileType = sourcecode.c.objc; path = DataStorageUITests.m; sourceTree = "<group>"; };
		73738B8C1DDEE70200546CE5 /* Info.plist */ = {isa = PBXFileReference; lastKnownFileType = text.plist.xml; path = Info.plist; sourceTree = "<group>"; };
		73738B9A1DDEF04100546CE5 /* FMHelper.h */ = {isa = PBXFileReference; fileEncoding = 4; lastKnownFileType = sourcecode.c.h; path = FMHelper.h; sourceTree = "<group>"; };
		73738B9B1DDEF04100546CE5 /* FMHelper.m */ = {isa = PBXFileReference; fileEncoding = 4; lastKnownFileType = sourcecode.c.objc; path = FMHelper.m; sourceTree = "<group>"; };
		873B1986FFAC9EC3CFD84C60 /* Pods-DataStorage-DataStorageTests.debug.xcconfig */ = {isa = PBXFileReference; includeInIndex = 1; lastKnownFileType = text.xcconfig; name = "Pods-DataStorage-DataStorageTests.debug.xcconfig"; path = "Pods/Target Support Files/Pods-DataStorage-DataStorageTests/Pods-DataStorage-DataStorageTests.debug.xcconfig"; sourceTree = "<group>"; };
		9EAD73187844D4D7350DF29E /* Pods-DataStorage.release.xcconfig */ = {isa = PBXFileReference; includeInIndex = 1; lastKnownFileType = text.xcconfig; name = "Pods-DataStorage.release.xcconfig"; path = "Pods/Target Support Files/Pods-DataStorage/Pods-DataStorage.release.xcconfig"; sourceTree = "<group>"; };
		F1BC99386A04CCEFCB9E8C9F /* libPods-DataStorage.a */ = {isa = PBXFileReference; explicitFileType = archive.ar; includeInIndex = 0; path = "libPods-DataStorage.a"; sourceTree = BUILT_PRODUCTS_DIR; };
/* End PBXFileReference section */

/* Begin PBXFrameworksBuildPhase section */
		73738B5F1DDEE70100546CE5 /* Frameworks */ = {
			isa = PBXFrameworksBuildPhase;
			buildActionMask = 2147483647;
			files = (
				E52C23B223480EBAC96265C0 /* libPods-DataStorage.a in Frameworks */,
			);
			runOnlyForDeploymentPostprocessing = 0;
		};
		73738B781DDEE70200546CE5 /* Frameworks */ = {
			isa = PBXFrameworksBuildPhase;
			buildActionMask = 2147483647;
			files = (
				F32B861F9E3FF12844014D79 /* libPods-DataStorage-DataStorageTests.a in Frameworks */,
			);
			runOnlyForDeploymentPostprocessing = 0;
		};
		73738B831DDEE70200546CE5 /* Frameworks */ = {
			isa = PBXFrameworksBuildPhase;
			buildActionMask = 2147483647;
			files = (
			);
			runOnlyForDeploymentPostprocessing = 0;
		};
/* End PBXFrameworksBuildPhase section */

/* Begin PBXGroup section */
		73738B591DDEE70100546CE5 = {
			isa = PBXGroup;
			children = (
				73738B641DDEE70100546CE5 /* DataStorage */,
				73738B7E1DDEE70200546CE5 /* DataStorageTests */,
				73738B891DDEE70200546CE5 /* DataStorageUITests */,
				73738B631DDEE70100546CE5 /* Products */,
				A2D4F4988C722EA2A1E11139 /* Pods */,
				BB51DC07548A2BE2C33D7713 /* Frameworks */,
			);
			sourceTree = "<group>";
		};
		73738B631DDEE70100546CE5 /* Products */ = {
			isa = PBXGroup;
			children = (
				73738B621DDEE70100546CE5 /* DataStorage.app */,
				73738B7B1DDEE70200546CE5 /* DataStorageTests.xctest */,
				73738B861DDEE70200546CE5 /* DataStorageUITests.xctest */,
			);
			name = Products;
			sourceTree = "<group>";
		};
		73738B641DDEE70100546CE5 /* DataStorage */ = {
			isa = PBXGroup;
			children = (
				73738B981DDEEF7A00546CE5 /* Utils */,
				73738B681DDEE70200546CE5 /* AppDelegate.h */,
				73738B691DDEE70200546CE5 /* AppDelegate.m */,
				73738B6B1DDEE70200546CE5 /* ViewController.h */,
				73738B6C1DDEE70200546CE5 /* ViewController.m */,
				73738B651DDEE70200546CE5 /* Supporting Files */,
			);
			path = DataStorage;
			sourceTree = "<group>";
		};
		73738B651DDEE70200546CE5 /* Supporting Files */ = {
			isa = PBXGroup;
			children = (
				73738B6E1DDEE70200546CE5 /* Main.storyboard */,
				73738B711DDEE70200546CE5 /* Assets.xcassets */,
				73738B731DDEE70200546CE5 /* LaunchScreen.storyboard */,
				73738B761DDEE70200546CE5 /* Info.plist */,
				73738B661DDEE70200546CE5 /* main.m */,
			);
			name = "Supporting Files";
			sourceTree = "<group>";
		};
		73738B7E1DDEE70200546CE5 /* DataStorageTests */ = {
			isa = PBXGroup;
			children = (
				73738B7F1DDEE70200546CE5 /* DataStorageTests.m */,
				73738B811DDEE70200546CE5 /* Info.plist */,
			);
			path = DataStorageTests;
			sourceTree = "<group>";
		};
		73738B891DDEE70200546CE5 /* DataStorageUITests */ = {
			isa = PBXGroup;
			children = (
				73738B8A1DDEE70200546CE5 /* DataStorageUITests.m */,
				73738B8C1DDEE70200546CE5 /* Info.plist */,
			);
			path = DataStorageUITests;
			sourceTree = "<group>";
		};
		73738B981DDEEF7A00546CE5 /* Utils */ = {
			isa = PBXGroup;
			children = (
				73738B991DDEF01800546CE5 /* FMDB */,
			);
			path = Utils;
			sourceTree = "<group>";
		};
		73738B991DDEF01800546CE5 /* FMDB */ = {
			isa = PBXGroup;
			children = (
				73738B9A1DDEF04100546CE5 /* FMHelper.h */,
				73738B9B1DDEF04100546CE5 /* FMHelper.m */,
			);
			path = FMDB;
			sourceTree = "<group>";
		};
		A2D4F4988C722EA2A1E11139 /* Pods */ = {
			isa = PBXGroup;
			children = (
				3F5C31DAAF9D128371B44771 /* Pods-DataStorage.debug.xcconfig */,
				9EAD73187844D4D7350DF29E /* Pods-DataStorage.release.xcconfig */,
				873B1986FFAC9EC3CFD84C60 /* Pods-DataStorage-DataStorageTests.debug.xcconfig */,
				50271A800128F85873DD47D2 /* Pods-DataStorage-DataStorageTests.release.xcconfig */,
			);
			name = Pods;
			sourceTree = "<group>";
		};
		BB51DC07548A2BE2C33D7713 /* Frameworks */ = {
			isa = PBXGroup;
			children = (
				F1BC99386A04CCEFCB9E8C9F /* libPods-DataStorage.a */,
				1ECA3D0F7565C068EEEAD6C0 /* libPods-DataStorage-DataStorageTests.a */,
			);
			name = Frameworks;
			sourceTree = "<group>";
		};
/* End PBXGroup section */

/* Begin PBXNativeTarget section */
		73738B611DDEE70100546CE5 /* DataStorage */ = {
			isa = PBXNativeTarget;
			buildConfigurationList = 73738B8F1DDEE70200546CE5 /* Build configuration list for PBXNativeTarget "DataStorage" */;
			buildPhases = (
				9938CDADACBECEEA0A5E43E1 /* [CP] Check Pods Manifest.lock */,
				73738B5E1DDEE70100546CE5 /* Sources */,
				73738B5F1DDEE70100546CE5 /* Frameworks */,
				73738B601DDEE70100546CE5 /* Resources */,
				3F08EA4746E854A0D9208CA1 /* [CP] Embed Pods Frameworks */,
				914B6A18C2A52C39730D6DB4 /* [CP] Copy Pods Resources */,
			);
			buildRules = (
			);
			dependencies = (
			);
			name = DataStorage;
			productName = DataStorage;
			productReference = 73738B621DDEE70100546CE5 /* DataStorage.app */;
			productType = "com.apple.product-type.application";
		};
		73738B7A1DDEE70200546CE5 /* DataStorageTests */ = {
			isa = PBXNativeTarget;
			buildConfigurationList = 73738B921DDEE70200546CE5 /* Build configuration list for PBXNativeTarget "DataStorageTests" */;
			buildPhases = (
				84F1F63EF3B8BEC3C3FFE8FE /* [CP] Check Pods Manifest.lock */,
				73738B771DDEE70200546CE5 /* Sources */,
				73738B781DDEE70200546CE5 /* Frameworks */,
				73738B791DDEE70200546CE5 /* Resources */,
				F8CA3A2351EF5DB3288DAEA7 /* [CP] Embed Pods Frameworks */,
				3D9C014FE66BFED06303CAFF /* [CP] Copy Pods Resources */,
			);
			buildRules = (
			);
			dependencies = (
				73738B7D1DDEE70200546CE5 /* PBXTargetDependency */,
			);
			name = DataStorageTests;
			productName = DataStorageTests;
			productReference = 73738B7B1DDEE70200546CE5 /* DataStorageTests.xctest */;
			productType = "com.apple.product-type.bundle.unit-test";
		};
		73738B851DDEE70200546CE5 /* DataStorageUITests */ = {
			isa = PBXNativeTarget;
			buildConfigurationList = 73738B951DDEE70200546CE5 /* Build configuration list for PBXNativeTarget "DataStorageUITests" */;
			buildPhases = (
				73738B821DDEE70200546CE5 /* Sources */,
				73738B831DDEE70200546CE5 /* Frameworks */,
				73738B841DDEE70200546CE5 /* Resources */,
			);
			buildRules = (
			);
			dependencies = (
				73738B881DDEE70200546CE5 /* PBXTargetDependency */,
			);
			name = DataStorageUITests;
			productName = DataStorageUITests;
			productReference = 73738B861DDEE70200546CE5 /* DataStorageUITests.xctest */;
			productType = "com.apple.product-type.bundle.ui-testing";
		};
/* End PBXNativeTarget section */

/* Begin PBXProject section */
		73738B5A1DDEE70100546CE5 /* Project object */ = {
			isa = PBXProject;
			attributes = {
				LastUpgradeCheck = 0810;
				ORGANIZATIONNAME = eric;
				TargetAttributes = {
					73738B611DDEE70100546CE5 = {
						CreatedOnToolsVersion = 8.1;
						DevelopmentTeam = NB7MJZGXM3;
						ProvisioningStyle = Automatic;
					};
					73738B7A1DDEE70200546CE5 = {
						CreatedOnToolsVersion = 8.1;
						DevelopmentTeam = NB7MJZGXM3;
						ProvisioningStyle = Automatic;
						TestTargetID = 73738B611DDEE70100546CE5;
					};
					73738B851DDEE70200546CE5 = {
						CreatedOnToolsVersion = 8.1;
						DevelopmentTeam = NB7MJZGXM3;
						ProvisioningStyle = Automatic;
						TestTargetID = 73738B611DDEE70100546CE5;
					};
				};
			};
			buildConfigurationList = 73738B5D1DDEE70100546CE5 /* Build configuration list for PBXProject "DataStorage" */;
			compatibilityVersion = "Xcode 3.2";
			developmentRegion = English;
			hasScannedForEncodings = 0;
			knownRegions = (
				en,
				Base,
			);
			mainGroup = 73738B591DDEE70100546CE5;
			productRefGroup = 73738B631DDEE70100546CE5 /* Products */;
			projectDirPath = "";
			projectRoot = "";
			targets = (
				73738B611DDEE70100546CE5 /* DataStorage */,
				73738B7A1DDEE70200546CE5 /* DataStorageTests */,
				73738B851DDEE70200546CE5 /* DataStorageUITests */,
			);
		};
/* End PBXProject section */

/* Begin PBXResourcesBuildPhase section */
		73738B601DDEE70100546CE5 /* Resources */ = {
			isa = PBXResourcesBuildPhase;
			buildActionMask = 2147483647;
			files = (
				73738B751DDEE70200546CE5 /* LaunchScreen.storyboard in Resources */,
				73738B721DDEE70200546CE5 /* Assets.xcassets in Resources */,
				73738B701DDEE70200546CE5 /* Main.storyboard in Resources */,
			);
			runOnlyForDeploymentPostprocessing = 0;
		};
		73738B791DDEE70200546CE5 /* Resources */ = {
			isa = PBXResourcesBuildPhase;
			buildActionMask = 2147483647;
			files = (
			);
			runOnlyForDeploymentPostprocessing = 0;
		};
		73738B841DDEE70200546CE5 /* Resources */ = {
			isa = PBXResourcesBuildPhase;
			buildActionMask = 2147483647;
			files = (
			);
			runOnlyForDeploymentPostprocessing = 0;
		};
/* End PBXResourcesBuildPhase section */

/* Begin PBXShellScriptBuildPhase section */
		3D9C014FE66BFED06303CAFF /* [CP] Copy Pods Resources */ = {
			isa = PBXShellScriptBuildPhase;
			buildActionMask = 2147483647;
			files = (
			);
			inputPaths = (
			);
			name = "[CP] Copy Pods Resources";
			outputPaths = (
			);
			runOnlyForDeploymentPostprocessing = 0;
			shellPath = /bin/sh;
			shellScript = "\"${SRCROOT}/Pods/Target Support Files/Pods-DataStorage-DataStorageTests/Pods-DataStorage-DataStorageTests-resources.sh\"\n";
			showEnvVarsInLog = 0;
		};
		3F08EA4746E854A0D9208CA1 /* [CP] Embed Pods Frameworks */ = {
			isa = PBXShellScriptBuildPhase;
			buildActionMask = 2147483647;
			files = (
			);
			inputPaths = (
			);
			name = "[CP] Embed Pods Frameworks";
			outputPaths = (
			);
			runOnlyForDeploymentPostprocessing = 0;
			shellPath = /bin/sh;
			shellScript = "\"${SRCROOT}/Pods/Target Support Files/Pods-DataStorage/Pods-DataStorage-frameworks.sh\"\n";
			showEnvVarsInLog = 0;
		};
		84F1F63EF3B8BEC3C3FFE8FE /* [CP] Check Pods Manifest.lock */ = {
			isa = PBXShellScriptBuildPhase;
			buildActionMask = 2147483647;
			files = (
			);
			inputPaths = (
			);
			name = "[CP] Check Pods Manifest.lock";
			outputPaths = (
			);
			runOnlyForDeploymentPostprocessing = 0;
			shellPath = /bin/sh;
			shellScript = "diff \"${PODS_ROOT}/../Podfile.lock\" \"${PODS_ROOT}/Manifest.lock\" > /dev/null\nif [ $? != 0 ] ; then\n    # print error to STDERR\n    echo \"error: The sandbox is not in sync with the Podfile.lock. Run 'pod install' or update your CocoaPods installation.\" >&2\n    exit 1\nfi\n";
			showEnvVarsInLog = 0;
		};
		914B6A18C2A52C39730D6DB4 /* [CP] Copy Pods Resources */ = {
			isa = PBXShellScriptBuildPhase;
			buildActionMask = 2147483647;
			files = (
			);
			inputPaths = (
			);
			name = "[CP] Copy Pods Resources";
			outputPaths = (
			);
			runOnlyForDeploymentPostprocessing = 0;
			shellPath = /bin/sh;
			shellScript = "\"${SRCROOT}/Pods/Target Support Files/Pods-DataStorage/Pods-DataStorage-resources.sh\"\n";
			showEnvVarsInLog = 0;
		};
		9938CDADACBECEEA0A5E43E1 /* [CP] Check Pods Manifest.lock */ = {
			isa = PBXShellScriptBuildPhase;
			buildActionMask = 2147483647;
			files = (
			);
			inputPaths = (
			);
			name = "[CP] Check Pods Manifest.lock";
			outputPaths = (
			);
			runOnlyForDeploymentPostprocessing = 0;
			shellPath = /bin/sh;
			shellScript = "diff \"${PODS_ROOT}/../Podfile.lock\" \"${PODS_ROOT}/Manifest.lock\" > /dev/null\nif [ $? != 0 ] ; then\n    # print error to STDERR\n    echo \"error: The sandbox is not in sync with the Podfile.lock. Run 'pod install' or update your CocoaPods installation.\" >&2\n    exit 1\nfi\n";
			showEnvVarsInLog = 0;
		};
		F8CA3A2351EF5DB3288DAEA7 /* [CP] Embed Pods Frameworks */ = {
			isa = PBXShellScriptBuildPhase;
			buildActionMask = 2147483647;
			files = (
			);
			inputPaths = (
			);
			name = "[CP] Embed Pods Frameworks";
			outputPaths = (
			);
			runOnlyForDeploymentPostprocessing = 0;
			shellPath = /bin/sh;
			shellScript = "\"${SRCROOT}/Pods/Target Support Files/Pods-DataStorage-DataStorageTests/Pods-DataStorage-DataStorageTests-frameworks.sh\"\n";
			showEnvVarsInLog = 0;
		};
/* End PBXShellScriptBuildPhase section */

/* Begin PBXSourcesBuildPhase section */
		73738B5E1DDEE70100546CE5 /* Sources */ = {
			isa = PBXSourcesBuildPhase;
			buildActionMask = 2147483647;
			files = (
				73738B9C1DDEF04100546CE5 /* FMHelper.m in Sources */,
				73738B6D1DDEE70200546CE5 /* ViewController.m in Sources */,
				73738B6A1DDEE70200546CE5 /* AppDelegate.m in Sources */,
				73738B671DDEE70200546CE5 /* main.m in Sources */,
			);
			runOnlyForDeploymentPostprocessing = 0;
		};
		73738B771DDEE70200546CE5 /* Sources */ = {
			isa = PBXSourcesBuildPhase;
			buildActionMask = 2147483647;
			files = (
				73738B801DDEE70200546CE5 /* DataStorageTests.m in Sources */,
			);
			runOnlyForDeploymentPostprocessing = 0;
		};
		73738B821DDEE70200546CE5 /* Sources */ = {
			isa = PBXSourcesBuildPhase;
			buildActionMask = 2147483647;
			files = (
				73738B8B1DDEE70200546CE5 /* DataStorageUITests.m in Sources */,
			);
			runOnlyForDeploymentPostprocessing = 0;
		};
/* End PBXSourcesBuildPhase section */

/* Begin PBXTargetDependency section */
		73738B7D1DDEE70200546CE5 /* PBXTargetDependency */ = {
			isa = PBXTargetDependency;
			target = 73738B611DDEE70100546CE5 /* DataStorage */;
			targetProxy = 73738B7C1DDEE70200546CE5 /* PBXContainerItemProxy */;
		};
		73738B881DDEE70200546CE5 /* PBXTargetDependency */ = {
			isa = PBXTargetDependency;
			target = 73738B611DDEE70100546CE5 /* DataStorage */;
			targetProxy = 73738B871DDEE70200546CE5 /* PBXContainerItemProxy */;
		};
/* End PBXTargetDependency section */

/* Begin PBXVariantGroup section */
		73738B6E1DDEE70200546CE5 /* Main.storyboard */ = {
			isa = PBXVariantGroup;
			children = (
				73738B6F1DDEE70200546CE5 /* Base */,
			);
			name = Main.storyboard;
			sourceTree = "<group>";
		};
		73738B731DDEE70200546CE5 /* LaunchScreen.storyboard */ = {
			isa = PBXVariantGroup;
			children = (
				73738B741DDEE70200546CE5 /* Base */,
			);
			name = LaunchScreen.storyboard;
			sourceTree = "<group>";
		};
/* End PBXVariantGroup section */

/* Begin XCBuildConfiguration section */
		73738B8D1DDEE70200546CE5 /* Debug */ = {
			isa = XCBuildConfiguration;
			buildSettings = {
				ALWAYS_SEARCH_USER_PATHS = NO;
				CLANG_ANALYZER_NONNULL = YES;
				CLANG_CXX_LANGUAGE_STANDARD = "gnu++0x";
				CLANG_CXX_LIBRARY = "libc++";
				CLANG_ENABLE_MODULES = YES;
				CLANG_ENABLE_OBJC_ARC = YES;
				CLANG_WARN_BOOL_CONVERSION = YES;
				CLANG_WARN_CONSTANT_CONVERSION = YES;
				CLANG_WARN_DIRECT_OBJC_ISA_USAGE = YES_ERROR;
				CLANG_WARN_DOCUMENTATION_COMMENTS = YES;
				CLANG_WARN_EMPTY_BODY = YES;
				CLANG_WARN_ENUM_CONVERSION = YES;
				CLANG_WARN_INFINITE_RECURSION = YES;
				CLANG_WARN_INT_CONVERSION = YES;
				CLANG_WARN_OBJC_ROOT_CLASS = YES_ERROR;
				CLANG_WARN_SUSPICIOUS_MOVES = YES;
				CLANG_WARN_UNREACHABLE_CODE = YES;
				CLANG_WARN__DUPLICATE_METHOD_MATCH = YES;
				"CODE_SIGN_IDENTITY[sdk=iphoneos*]" = "iPhone Developer";
				COPY_PHASE_STRIP = NO;
				DEBUG_INFORMATION_FORMAT = dwarf;
				ENABLE_STRICT_OBJC_MSGSEND = YES;
				ENABLE_TESTABILITY = YES;
				GCC_C_LANGUAGE_STANDARD = gnu99;
				GCC_DYNAMIC_NO_PIC = NO;
				GCC_NO_COMMON_BLOCKS = YES;
				GCC_OPTIMIZATION_LEVEL = 0;
				GCC_PREPROCESSOR_DEFINITIONS = (
					"DEBUG=1",
					"$(inherited)",
				);
				GCC_WARN_64_TO_32_BIT_CONVERSION = YES;
				GCC_WARN_ABOUT_RETURN_TYPE = YES_ERROR;
				GCC_WARN_UNDECLARED_SELECTOR = YES;
				GCC_WARN_UNINITIALIZED_AUTOS = YES_AGGRESSIVE;
				GCC_WARN_UNUSED_FUNCTION = YES;
				GCC_WARN_UNUSED_VARIABLE = YES;
				IPHONEOS_DEPLOYMENT_TARGET = 10.1;
				MTL_ENABLE_DEBUG_INFO = YES;
				ONLY_ACTIVE_ARCH = YES;
				SDKROOT = iphoneos;
				TARGETED_DEVICE_FAMILY = "1,2";
			};
			name = Debug;
		};
		73738B8E1DDEE70200546CE5 /* Release */ = {
			isa = XCBuildConfiguration;
			buildSettings = {
				ALWAYS_SEARCH_USER_PATHS = NO;
				CLANG_ANALYZER_NONNULL = YES;
				CLANG_CXX_LANGUAGE_STANDARD = "gnu++0x";
				CLANG_CXX_LIBRARY = "libc++";
				CLANG_ENABLE_MODULES = YES;
				CLANG_ENABLE_OBJC_ARC = YES;
				CLANG_WARN_BOOL_CONVERSION = YES;
				CLANG_WARN_CONSTANT_CONVERSION = YES;
				CLANG_WARN_DIRECT_OBJC_ISA_USAGE = YES_ERROR;
				CLANG_WARN_DOCUMENTATION_COMMENTS = YES;
				CLANG_WARN_EMPTY_BODY = YES;
				CLANG_WARN_ENUM_CONVERSION = YES;
				CLANG_WARN_INFINITE_RECURSION = YES;
				CLANG_WARN_INT_CONVERSION = YES;
				CLANG_WARN_OBJC_ROOT_CLASS = YES_ERROR;
				CLANG_WARN_SUSPICIOUS_MOVES = YES;
				CLANG_WARN_UNREACHABLE_CODE = YES;
				CLANG_WARN__DUPLICATE_METHOD_MATCH = YES;
				"CODE_SIGN_IDENTITY[sdk=iphoneos*]" = "iPhone Developer";
				COPY_PHASE_STRIP = NO;
				DEBUG_INFORMATION_FORMAT = "dwarf-with-dsym";
				ENABLE_NS_ASSERTIONS = NO;
				ENABLE_STRICT_OBJC_MSGSEND = YES;
				GCC_C_LANGUAGE_STANDARD = gnu99;
				GCC_NO_COMMON_BLOCKS = YES;
				GCC_WARN_64_TO_32_BIT_CONVERSION = YES;
				GCC_WARN_ABOUT_RETURN_TYPE = YES_ERROR;
				GCC_WARN_UNDECLARED_SELECTOR = YES;
				GCC_WARN_UNINITIALIZED_AUTOS = YES_AGGRESSIVE;
				GCC_WARN_UNUSED_FUNCTION = YES;
				GCC_WARN_UNUSED_VARIABLE = YES;
				IPHONEOS_DEPLOYMENT_TARGET = 10.1;
				MTL_ENABLE_DEBUG_INFO = NO;
				SDKROOT = iphoneos;
				TARGETED_DEVICE_FAMILY = "1,2";
				VALIDATE_PRODUCT = YES;
			};
			name = Release;
		};
		73738B901DDEE70200546CE5 /* Debug */ = {
			isa = XCBuildConfiguration;
			baseConfigurationReference = 3F5C31DAAF9D128371B44771 /* Pods-DataStorage.debug.xcconfig */;
			buildSettings = {
				ASSETCATALOG_COMPILER_APPICON_NAME = AppIcon;
				DEVELOPMENT_TEAM = NB7MJZGXM3;
				INFOPLIST_FILE = DataStorage/Info.plist;
				LD_RUNPATH_SEARCH_PATHS = "$(inherited) @executable_path/Frameworks";
				PRODUCT_BUNDLE_IDENTIFIER = com.Encompass8.encompass.DataStorage;
				PRODUCT_NAME = "$(TARGET_NAME)";
			};
			name = Debug;
		};
		73738B911DDEE70200546CE5 /* Release */ = {
			isa = XCBuildConfiguration;
			baseConfigurationReference = 9EAD73187844D4D7350DF29E /* Pods-DataStorage.release.xcconfig */;
			buildSettings = {
				ASSETCATALOG_COMPILER_APPICON_NAME = AppIcon;
				DEVELOPMENT_TEAM = NB7MJZGXM3;
				INFOPLIST_FILE = DataStorage/Info.plist;
				LD_RUNPATH_SEARCH_PATHS = "$(inherited) @executable_path/Frameworks";
				PRODUCT_BUNDLE_IDENTIFIER = com.Encompass8.encompass.DataStorage;
				PRODUCT_NAME = "$(TARGET_NAME)";
			};
			name = Release;
		};
		73738B931DDEE70200546CE5 /* Debug */ = {
			isa = XCBuildConfiguration;
			baseConfigurationReference = 873B1986FFAC9EC3CFD84C60 /* Pods-DataStorage-DataStorageTests.debug.xcconfig */;
			buildSettings = {
				BUNDLE_LOADER = "$(TEST_HOST)";
				DEVELOPMENT_TEAM = NB7MJZGXM3;
				INFOPLIST_FILE = DataStorageTests/Info.plist;
				LD_RUNPATH_SEARCH_PATHS = "$(inherited) @executable_path/Frameworks @loader_path/Frameworks";
				PRODUCT_BUNDLE_IDENTIFIER = com.Encompass8.encompass.DataStorageTests;
				PRODUCT_NAME = "$(TARGET_NAME)";
				TEST_HOST = "$(BUILT_PRODUCTS_DIR)/DataStorage.app/DataStorage";
			};
			name = Debug;
		};
		73738B941DDEE70200546CE5 /* Release */ = {
			isa = XCBuildConfiguration;
			baseConfigurationReference = 50271A800128F85873DD47D2 /* Pods-DataStorage-DataStorageTests.release.xcconfig */;
			buildSettings = {
				BUNDLE_LOADER = "$(TEST_HOST)";
				DEVELOPMENT_TEAM = NB7MJZGXM3;
				INFOPLIST_FILE = DataStorageTests/Info.plist;
				LD_RUNPATH_SEARCH_PATHS = "$(inherited) @executable_path/Frameworks @loader_path/Frameworks";
				PRODUCT_BUNDLE_IDENTIFIER = com.Encompass8.encompass.DataStorageTests;
				PRODUCT_NAME = "$(TARGET_NAME)";
				TEST_HOST = "$(BUILT_PRODUCTS_DIR)/DataStorage.app/DataStorage";
			};
			name = Release;
		};
		73738B961DDEE70200546CE5 /* Debug */ = {
			isa = XCBuildConfiguration;
			buildSettings = {
				DEVELOPMENT_TEAM = NB7MJZGXM3;
				INFOPLIST_FILE = DataStorageUITests/Info.plist;
				LD_RUNPATH_SEARCH_PATHS = "$(inherited) @executable_path/Frameworks @loader_path/Frameworks";
				PRODUCT_BUNDLE_IDENTIFIER = com.Encompass8.encompass.DataStorageUITests;
				PRODUCT_NAME = "$(TARGET_NAME)";
				TEST_TARGET_NAME = DataStorage;
			};
			name = Debug;
		};
		73738B971DDEE70200546CE5 /* Release */ = {
			isa = XCBuildConfiguration;
			buildSettings = {
				DEVELOPMENT_TEAM = NB7MJZGXM3;
				INFOPLIST_FILE = DataStorageUITests/Info.plist;
				LD_RUNPATH_SEARCH_PATHS = "$(inherited) @executable_path/Frameworks @loader_path/Frameworks";
				PRODUCT_BUNDLE_IDENTIFIER = com.Encompass8.encompass.DataStorageUITests;
				PRODUCT_NAME = "$(TARGET_NAME)";
				TEST_TARGET_NAME = DataStorage;
			};
			name = Release;
		};
/* End XCBuildConfiguration section */

/* Begin XCConfigurationList section */
		73738B5D1DDEE70100546CE5 /* Build configuration list for PBXProject "DataStorage" */ = {
			isa = XCConfigurationList;
			buildConfigurations = (
				73738B8D1DDEE70200546CE5 /* Debug */,
				73738B8E1DDEE70200546CE5 /* Release */,
			);
			defaultConfigurationIsVisible = 0;
			defaultConfigurationName = Release;
		};
		73738B8F1DDEE70200546CE5 /* Build configuration list for PBXNativeTarget "DataStorage" */ = {
			isa = XCConfigurationList;
			buildConfigurations = (
				73738B901DDEE70200546CE5 /* Debug */,
				73738B911DDEE70200546CE5 /* Release */,
			);
			defaultConfigurationIsVisible = 0;
			defaultConfigurationName = Release;
		};
		73738B921DDEE70200546CE5 /* Build configuration list for PBXNativeTarget "DataStorageTests" */ = {
			isa = XCConfigurationList;
			buildConfigurations = (
				73738B931DDEE70200546CE5 /* Debug */,
				73738B941DDEE70200546CE5 /* Release */,
			);
			defaultConfigurationIsVisible = 0;
			defaultConfigurationName = Release;
		};
		73738B951DDEE70200546CE5 /* Build configuration list for PBXNativeTarget "DataStorageUITests" */ = {
			isa = XCConfigurationList;
			buildConfigurations = (
				73738B961DDEE70200546CE5 /* Debug */,
				73738B971DDEE70200546CE5 /* Release */,
			);
			defaultConfigurationIsVisible = 0;
			defaultConfigurationName = Release;
		};
/* End XCConfigurationList section */
	};
	rootObject = 73738B5A1DDEE70100546CE5 /* Project object */;
}
